
Microsoft Visual Studio Solution File, Format Version 12.00
# Visual Studio Version 17
VisualStudioVersion = 17.11.35303.130
MinimumVisualStudioVersion = 10.0.40219.1
Project("{8BC9CEB8-8B4A-11D0-8D11-00A0C91BC942}") = "lab63", "lab63.vcxproj", "{0FEF524B-4A28-40EB-A19C-9EFE9D659108}"
EndProject
Global
	GlobalSection(SolutionConfigurationPlatforms) = preSolution
		Debug|x64 = Debug|x64
		Debug|x86 = Debug|x86
		Release|x64 = Release|x64
		Release|x86 = Release|x86
	EndGlobalSection
	GlobalSection(ProjectConfigurationPlatforms) = postSolution
		{0FEF524B-4A28-40EB-A19C-9EFE9D659108}.Debug|x64.ActiveCfg = Debug|x64
		{0FEF524B-4A28-40EB-A19C-9EFE9D659108}.Debug|x64.Build.0 = Debug|x64
		{0FEF524B-4A28-40EB-A19C-9EFE9D659108}.Debug|x86.ActiveCfg = Debug|Win32
		{0FEF524B-4A28-40EB-A19C-9EFE9D659108}.Debug|x86.Build.0 = Debug|Win32
		{0FEF524B-4A28-40EB-A19C-9EFE9D659108}.Release|x64.ActiveCfg = Release|x64
		{0FEF524B-4A28-40EB-A19C-9EFE9D659108}.Release|x64.Build.0 = Release|x64
		{0FEF524B-4A28-40EB-A19C-9EFE9D659108}.Release|x86.ActiveCfg = Release|Win32
		{0FEF524B-4A28-40EB-A19C-9EFE9D659108}.Release|x86.Build.0 = Release|Win32
	EndGlobalSection
	GlobalSection(SolutionProperties) = preSolution
		HideSolutionNode = FALSE
	EndGlobalSection
	GlobalSection(ExtensibilityGlobals) = postSolution
		SolutionGuid = {4A7BD0A9-C1F8-4F09-B6CB-AC26628887E2}
	EndGlobalSection
EndGlobal
